// !$*UTF8*$!
{ archiveVersion = 1; classes = {}; objectVersion = 56; objects = {
00A6F70FBAED57BAA57E9243 = {isa = PBXBuildFile; fileRef = 0ADA4F80458261F0EE319D7B;};
00C43BA871DC21388E15CC2E = {isa = PBXFrameworksBuildPhase; buildActionMask = 2147483647; files = (); runOnlyForDeploymentPostprocessing = 0;};
03DEA99FE57A28A3F1B8F16B = {isa = PBXContainerItemProxy; containerPortal = 98F54143AB4E86B28C3AFEE0; proxyType = 1; remoteGlobalIDString = 874E7FD7A39CF1D6319F589D; remoteInfo = TraceGlass;};
05FAC94380A70241F23780E7 = {isa = PBXFileReference; lastKnownFileType = folder.assetcatalog; path = TraceGlass/Resources/Assets.xcassets; sourceTree = SOURCE_ROOT;};
0ADA4F80458261F0EE319D7B = {isa = PBXFileReference; lastKnownFileType = sourcecode.swift; path = "TraceGlass/Views/ImportSheet.swift"; sourceTree = SOURCE_ROOT;};
108DD0986918883040FAE255 = {isa = PBXBuildFile; fileRef = A6D54744E08AE131B6F8C6C7;};
10C202FC6E564D86B5B50884 = {isa = PBXFileReference; lastKnownFileType = sourcecode.swift; path = "TraceGlass/Components/HoldToUnlock.swift"; sourceTree = SOURCE_ROOT;};
122CFDC5DA8EB707A2506EA0 = {isa = PBXFileReference; lastKnownFileType = sourcecode.swift; path = "TraceGlass/AR/WorldARView.swift"; sourceTree = SOURCE_ROOT;};
166C3B7076ADFA4347D554A4 = {isa = PBXBuildFile; fileRef = 733D42652BD292F8491B9663;};
1BDCCF10062BC847C2914E5C = {isa = PBXFileReference; explicitFileType = wrapper.cfbundle; includeInIndex = 0; path = TraceGlassTests.xctest; sourceTree = BUILT_PRODUCTS_DIR;};
1CD21333CAD8E683D21917E6 = {isa = PBXFileReference; lastKnownFileType = sourcecode.swift; path = "TraceGlass/ViewModels/TraceStore.swift"; sourceTree = SOURCE_ROOT;};
22F5A90E4AB3A58EFBF14AB5 = {isa = PBXFileReference; lastKnownFileType = sourcecode.swift; path = "TraceGlassUITests/TraceLockUITests.swift"; sourceTree = SOURCE_ROOT;};
22FD194C1323BA1D48D48B6D = {isa = PBXResourcesBuildPhase; buildActionMask = 2147483647; files = (); runOnlyForDeploymentPostprocessing = 0;};
27A53F1C944320655A65267E = {isa = PBXBuildFile; fileRef = 5BFDD9F2F7DC567C243C654B;};
29ABF1B6BD2B91125F6E552C = {isa = PBXFileReference; lastKnownFileType = sourcecode.swift; path = "TraceGlass/Tracing/TraceCanvas.swift"; sourceTree = SOURCE_ROOT;};
2BE0521EE2C1C8853AFC9232 = {isa = PBXFileReference; lastKnownFileType = sourcecode.swift; path = "TraceGlass/Models/AppSettings.swift"; sourceTree = SOURCE_ROOT;};
2D681CEBC76E5303BF893C90 = {isa = PBXBuildFile; fileRef = 6AC678FB8253D51F8B27ABD4;};
2EF6E88226218F51AA315485 = {isa = PBXSourcesBuildPhase; buildActionMask = 2147483647; files = (CDFCE3E1C980728AB0BF0693,); runOnlyForDeploymentPostprocessing = 0;};
36992FD9EFCC35941EC8F506 = {isa = PBXFileReference; explicitFileType = wrapper.application; includeInIndex = 0; path = TraceGlass.app; sourceTree = BUILT_PRODUCTS_DIR;};
38B16805B10D5255781E34BA = {isa = PBXFileReference; lastKnownFileType = sourcecode.swift; path = "TraceGlass/Camera/PaperCamera.swift"; sourceTree = SOURCE_ROOT;};
3982C80EC55008FF8B305FBB = {isa = PBXBuildFile; fileRef = BDFA02220761A1F09DF115D5;};
3C039EC1992435AFF8C2B1AC = {isa = XCBuildConfiguration; buildSettings = {PRODUCT_NAME = "$(TARGET_NAME)"; PRODUCT_BUNDLE_IDENTIFIER = "app.traceglass.ios.uitests"; TARGETED_DEVICE_FAMILY = "1"; GENERATE_INFOPLIST_FILE = "YES"; CODE_SIGN_STYLE = "Automatic"; DEVELOPMENT_TEAM = ""; SWIFT_EMIT_LOC_STRINGS = "YES"; MARKETING_VERSION = "1.0.0"; CURRENT_PROJECT_VERSION = "1"; SUPPORTED_PLATFORMS = "iphoneos iphonesimulator"; TEST_TARGET_NAME = "TraceGlass";}; name = Release;};
3D79927B5F6DDAB42A2E5233 = {isa = PBXBuildFile; fileRef = 29ABF1B6BD2B91125F6E552C;};
3DF8BE358E9C6518C5AED133 = {isa = PBXFileReference; lastKnownFileType = sourcecode.swift; path = "TraceGlass/Persistence/ProjectStorage.swift"; sourceTree = SOURCE_ROOT;};
44C000604B89212A369917A5 = {isa = PBXBuildFile; fileRef = FD17390AC7D35A8B6C1B5B3C;};
475151F905F6C9883A7CCD4B = {isa = PBXBuildFile; fileRef = FE02D963073DD66DF2E4CB58;};
4B939DF24EF9113214AE21A8 = {isa = PBXFileReference; lastKnownFileType = sourcecode.swift; path = "TraceGlassTests/StorageAndFilterTests.swift"; sourceTree = SOURCE_ROOT;};
4E24BE2F419D2684591E41D6 = {isa = PBXBuildFile; fileRef = BF02CD3F8031EAA97AC8074D;};
513DE63E73EB8230187F293F = {isa = PBXFileReference; explicitFileType = wrapper.cfbundle; includeInIndex = 0; path = TraceGlassUITests.xctest; sourceTree = BUILT_PRODUCTS_DIR;};
5189A786CC5D70A97B5ECDFB = {isa = XCConfigurationList; buildConfigurations = (C1C537711CD75C3578B282F7, 7DA77A5AFAE86657B4728DC4,); defaultConfigurationIsVisible = 0; defaultConfigurationName = Release;};
558BF84F24778F3A2BC03138 = {isa = XCConfigurationList; buildConfigurations = (D6530E1D2FE6D47E3DAC9DE3, 3C039EC1992435AFF8C2B1AC,); defaultConfigurationIsVisible = 0; defaultConfigurationName = Release;};
55E6778C98C73C137115FE58 = {isa = PBXFileReference; lastKnownFileType = sourcecode.swift; path = "TraceGlass/Services/SessionServices.swift"; sourceTree = SOURCE_ROOT;};
58FA109DCFE5D3D8D42820E4 = {isa = PBXBuildFile; fileRef = 55E6778C98C73C137115FE58;};
5907A7602FDD03DC4982C0AF = {isa = PBXFileReference; lastKnownFileType = sourcecode.swift; path = "TraceGlass/Utilities/GeometryMath.swift"; sourceTree = SOURCE_ROOT;};
598A6D72F365C1CF9C6F28E0 = {isa = PBXBuildFile; fileRef = FDE3E26AEE7B603D4A6625A0;};
5BFDD9F2F7DC567C243C654B = {isa = PBXFileReference; lastKnownFileType = sourcecode.swift; path = "TraceGlass/DesignSystem/TraceDesign.swift"; sourceTree = SOURCE_ROOT;};
5FF7EA25A1A4BAB9D464CD14 = {isa = XCBuildConfiguration; buildSettings = {ALWAYS_SEARCH_USER_PATHS = "NO"; CLANG_ENABLE_MODULES = "YES"; CLANG_ENABLE_OBJC_ARC = "YES"; IPHONEOS_DEPLOYMENT_TARGET = "17.0"; SDKROOT = "iphoneos"; SWIFT_VERSION = "5.0"; SWIFT_STRICT_CONCURRENCY = "targeted"; ENABLE_USER_SCRIPT_SANDBOXING = "YES"; GCC_C_LANGUAGE_STANDARD = "gnu17"; CLANG_CXX_LANGUAGE_STANDARD = "gnu++20"; SWIFT_OPTIMIZATION_LEVEL = "-Onone"; DEBUG_INFORMATION_FORMAT = "dwarf"; ENABLE_TESTABILITY = "YES"; SWIFT_ACTIVE_COMPILATION_CONDITIONS = "DEBUG"; GCC_PREPROCESSOR_DEFINITIONS = "DEBUG=1 $(inherited)"; ONLY_ACTIVE_ARCH = "YES";}; name = Debug;};
66EF364F9677E94FD108168C = {isa = PBXBuildFile; fileRef = 89A00791C2E1AAA953CBC67A;};
6AC678FB8253D51F8B27ABD4 = {isa = PBXFileReference; lastKnownFileType = sourcecode.swift; path = "TraceGlass/AR/PaperARView.swift"; sourceTree = SOURCE_ROOT;};
6EAFA88E1A6EEBF7709F080E = {isa = PBXBuildFile; fileRef = 4B939DF24EF9113214AE21A8;};
6F5A40CE06A526F606D0428F = {isa = PBXBuildFile; fileRef = 6F938E05B3143C651BD97C60;};
6F938E05B3143C651BD97C60 = {isa = PBXFileReference; lastKnownFileType = sourcecode.swift; path = "TraceGlass/ImageProcessing/ImageProcessingService.swift"; sourceTree = SOURCE_ROOT;};
733D42652BD292F8491B9663 = {isa = PBXFileReference; lastKnownFileType = sourcecode.swift; path = "TraceGlass/Rendering/ParticleTransition.swift"; sourceTree = SOURCE_ROOT;};
74C6A8CA50D08DA30435CFFB = {isa = PBXBuildFile; fileRef = E16726930A481BA107AE7428;};
74FA0A5A1F53C677F3FB1023 = {isa = PBXBuildFile; fileRef = 38B16805B10D5255781E34BA;};
76332E4305D08681548684E4 = {isa = XCConfigurationList; buildConfigurations = (FCE43BE77BD869C904BAFA6B, 76FAC1F724DD3E0B1827BAD0,); defaultConfigurationIsVisible = 0; defaultConfigurationName = Release;};
76FAC1F724DD3E0B1827BAD0 = {isa = XCBuildConfiguration; buildSettings = {PRODUCT_NAME = "$(TARGET_NAME)"; PRODUCT_BUNDLE_IDENTIFIER = "app.traceglass.ios"; TARGETED_DEVICE_FAMILY = "1"; GENERATE_INFOPLIST_FILE = "NO"; CODE_SIGN_STYLE = "Automatic"; DEVELOPMENT_TEAM = ""; SWIFT_EMIT_LOC_STRINGS = "YES"; MARKETING_VERSION = "1.0.0"; CURRENT_PROJECT_VERSION = "1"; SUPPORTED_PLATFORMS = "iphoneos iphonesimulator"; INFOPLIST_FILE = "TraceGlass/Resources/Info.plist"; ASSETCATALOG_COMPILER_APPICON_NAME = "AppIcon"; ASSETCATALOG_COMPILER_GLOBAL_ACCENT_COLOR_NAME = "AccentColor"; LD_RUNPATH_SEARCH_PATHS = "$(inherited) @executable_path/Frameworks"; ENABLE_PREVIEWS = "YES";}; name = Release;};
7DA77A5AFAE86657B4728DC4 = {isa = XCBuildConfiguration; buildSettings = {PRODUCT_NAME = "$(TARGET_NAME)"; PRODUCT_BUNDLE_IDENTIFIER = "app.traceglass.ios.tests"; TARGETED_DEVICE_FAMILY = "1"; GENERATE_INFOPLIST_FILE = "YES"; CODE_SIGN_STYLE = "Automatic"; DEVELOPMENT_TEAM = ""; SWIFT_EMIT_LOC_STRINGS = "YES"; MARKETING_VERSION = "1.0.0"; CURRENT_PROJECT_VERSION = "1"; SUPPORTED_PLATFORMS = "iphoneos iphonesimulator"; TEST_HOST = "$(BUILT_PRODUCTS_DIR)/TraceGlass.app/TraceGlass"; BUNDLE_LOADER = "$(TEST_HOST)";}; name = Release;};
7E11E1064E6414A1BF70DC4E = {isa = PBXBuildFile; fileRef = 912133F65421C695484275BA;};
7E94F04B56C5A8577E05F47D = {isa = PBXBuildFile; fileRef = 122CFDC5DA8EB707A2506EA0;};
7F839CB113C722600189870E = {isa = PBXFileReference; lastKnownFileType = sourcecode.swift; path = "TraceGlass/Views/CropPerspectiveView.swift"; sourceTree = SOURCE_ROOT;};
8145929DBAC38E972772EA65 = {isa = PBXBuildFile; fileRef = 5907A7602FDD03DC4982C0AF;};
8311ED713D1879C5DA079EA5 = {isa = PBXTargetDependency; target = 874E7FD7A39CF1D6319F589D; targetProxy = 9D88EB1A8CB285A2C2777B84;};
84605B9E5206A2B765292008 = {isa = PBXFrameworksBuildPhase; buildActionMask = 2147483647; files = (); runOnlyForDeploymentPostprocessing = 0;};
874E7FD7A39CF1D6319F589D = {isa = PBXNativeTarget; buildConfigurationList = 76332E4305D08681548684E4; buildPhases = (A35C9D9B9836159A9ADE227D, 00C43BA871DC21388E15CC2E, FC0D47FDA55E4E280EBDE903,); buildRules = (); dependencies = (); name = TraceGlass; productName = TraceGlass; productReference = 36992FD9EFCC35941EC8F506; productType = "com.apple.product-type.application";};
89A00791C2E1AAA953CBC67A = {isa = PBXFileReference; lastKnownFileType = sourcecode.swift; path = "TraceGlassTests/TraceDocumentTests.swift"; sourceTree = SOURCE_ROOT;};
912133F65421C695484275BA = {isa = PBXFileReference; lastKnownFileType = sourcecode.swift; path = "TraceGlass/Views/SettingsView.swift"; sourceTree = SOURCE_ROOT;};
91F2D8C4D39C74D961440ED0 = {isa = XCConfigurationList; buildConfigurations = (5FF7EA25A1A4BAB9D464CD14, E5B35A7E5144FF2B9B2763CD,); defaultConfigurationIsVisible = 0; defaultConfigurationName = Release;};
9362D574668BD799F2036465 = {isa = PBXBuildFile; fileRef = 1CD21333CAD8E683D21917E6;};
9549EE46038732F1D916C50C = {isa = PBXFileReference; lastKnownFileType = sourcecode.swift; path = "TraceGlass/Views/HomeView.swift"; sourceTree = SOURCE_ROOT;};
98F54143AB4E86B28C3AFEE0 = {isa = PBXProject; attributes = {BuildIndependentTargetsInParallel = YES; LastUpgradeCheck = 2600; TargetAttributes = {874E7FD7A39CF1D6319F589D = {CreatedOnToolsVersion = 26.0;}; C3769DB3E0FDCF115F76F98F = {CreatedOnToolsVersion = 26.0; TestTargetID = 874E7FD7A39CF1D6319F589D;}; F035B8DB8ABAC0B522AA261C = {CreatedOnToolsVersion = 26.0; TestTargetID = 874E7FD7A39CF1D6319F589D;};};}; buildConfigurationList = 91F2D8C4D39C74D961440ED0; compatibilityVersion = "Xcode 14.0"; developmentRegion = en; hasScannedForEncodings = 0; knownRegions = (en, Base,); mainGroup = B28B7AF69320201D1CF206EB; productRefGroup = FBDC4F23F93125BBEEAE800C; projectDirPath = ""; projectRoot = ""; targets = (874E7FD7A39CF1D6319F589D, C3769DB3E0FDCF115F76F98F, F035B8DB8ABAC0B522AA261C,);};
9D88EB1A8CB285A2C2777B84 = {isa = PBXContainerItemProxy; containerPortal = 98F54143AB4E86B28C3AFEE0; proxyType = 1; remoteGlobalIDString = 874E7FD7A39CF1D6319F589D; remoteInfo = TraceGlass;};
A211AB09E6865F4410FE1E8B = {isa = PBXBuildFile; fileRef = CA3194FB1702BF7612E3EB3C;};
A35C9D9B9836159A9ADE227D = {isa = PBXSourcesBuildPhase; buildActionMask = 2147483647; files = (2D681CEBC76E5303BF893C90, 4E24BE2F419D2684591E41D6, 7E94F04B56C5A8577E05F47D, 74C6A8CA50D08DA30435CFFB, 74FA0A5A1F53C677F3FB1023, C9A462A269D93A15AF0FEDBF, 27A53F1C944320655A65267E, 6F5A40CE06A526F606D0428F, D454900FAC9F71FB470BFE96, A211AB09E6865F4410FE1E8B, C777B771A06766987C9B86BA, 166C3B7076ADFA4347D554A4, 58FA109DCFE5D3D8D42820E4, 598A6D72F365C1CF9C6F28E0, 3D79927B5F6DDAB42A2E5233, 8145929DBAC38E972772EA65, 9362D574668BD799F2036465, D6FD6FE21F0C690DBFBB16EE, 44C000604B89212A369917A5, CCB256B5C230A98589CFADD6, 00A6F70FBAED57BAA57E9243, 7E11E1064E6414A1BF70DC4E, 475151F905F6C9883A7CCD4B,); runOnlyForDeploymentPostprocessing = 0;};
A6D54744E08AE131B6F8C6C7 = {isa = PBXFileReference; lastKnownFileType = sourcecode.swift; path = "TraceGlassTests/GeometryTests.swift"; sourceTree = SOURCE_ROOT;};
AC3C7D1987340E099DFD4429 = {isa = PBXSourcesBuildPhase; buildActionMask = 2147483647; files = (108DD0986918883040FAE255, 6EAFA88E1A6EEBF7709F080E, 66EF364F9677E94FD108168C,); runOnlyForDeploymentPostprocessing = 0;};
B28B7AF69320201D1CF206EB = {isa = PBXGroup; children = (BCE16DD0260827ECF338C787, FBDC4F23F93125BBEEAE800C,); sourceTree = "<group>";};
BCE16DD0260827ECF338C787 = {isa = PBXGroup; children = (6AC678FB8253D51F8B27ABD4, BF02CD3F8031EAA97AC8074D, 122CFDC5DA8EB707A2506EA0, E16726930A481BA107AE7428, 38B16805B10D5255781E34BA, 10C202FC6E564D86B5B50884, 5BFDD9F2F7DC567C243C654B, 6F938E05B3143C651BD97C60, 2BE0521EE2C1C8853AFC9232, CA3194FB1702BF7612E3EB3C, 3DF8BE358E9C6518C5AED133, 733D42652BD292F8491B9663, BDFA02220761A1F09DF115D5, 55E6778C98C73C137115FE58, FDE3E26AEE7B603D4A6625A0, 29ABF1B6BD2B91125F6E552C, 5907A7602FDD03DC4982C0AF, 1CD21333CAD8E683D21917E6, 7F839CB113C722600189870E, FD17390AC7D35A8B6C1B5B3C, 9549EE46038732F1D916C50C, 0ADA4F80458261F0EE319D7B, 912133F65421C695484275BA, FE02D963073DD66DF2E4CB58, A6D54744E08AE131B6F8C6C7, 4B939DF24EF9113214AE21A8, 89A00791C2E1AAA953CBC67A, 22F5A90E4AB3A58EFBF14AB5, 05FAC94380A70241F23780E7,); name = Sources; sourceTree = "<group>";};
BDFA02220761A1F09DF115D5 = {isa = PBXFileReference; lastKnownFileType = text.xml; path = "TraceGlass/Resources/PrivacyInfo.xcprivacy"; sourceTree = SOURCE_ROOT;};
BF02CD3F8031EAA97AC8074D = {isa = PBXFileReference; lastKnownFileType = sourcecode.swift; path = "TraceGlass/AR/PaperTracking.swift"; sourceTree = SOURCE_ROOT;};
C1C537711CD75C3578B282F7 = {isa = XCBuildConfiguration; buildSettings = {PRODUCT_NAME = "$(TARGET_NAME)"; PRODUCT_BUNDLE_IDENTIFIER = "app.traceglass.ios.tests"; TARGETED_DEVICE_FAMILY = "1"; GENERATE_INFOPLIST_FILE = "YES"; CODE_SIGN_STYLE = "Automatic"; DEVELOPMENT_TEAM = ""; SWIFT_EMIT_LOC_STRINGS = "YES"; MARKETING_VERSION = "1.0.0"; CURRENT_PROJECT_VERSION = "1"; SUPPORTED_PLATFORMS = "iphoneos iphonesimulator"; TEST_HOST = "$(BUILT_PRODUCTS_DIR)/TraceGlass.app/TraceGlass"; BUNDLE_LOADER = "$(TEST_HOST)";}; name = Debug;};
C3769DB3E0FDCF115F76F98F = {isa = PBXNativeTarget; buildConfigurationList = 5189A786CC5D70A97B5ECDFB; buildPhases = (AC3C7D1987340E099DFD4429, E27865C3E6BAFF549C24177E, FA19AAF4390B97BB18FBF9B6,); buildRules = (); dependencies = (DC2B4BBB087ABB7C6282630E); name = TraceGlassTests; productName = TraceGlassTests; productReference = 1BDCCF10062BC847C2914E5C; productType = "com.apple.product-type.bundle.unit-test";};
C777B771A06766987C9B86BA = {isa = PBXBuildFile; fileRef = 3DF8BE358E9C6518C5AED133;};
C9A462A269D93A15AF0FEDBF = {isa = PBXBuildFile; fileRef = 10C202FC6E564D86B5B50884;};
CA3194FB1702BF7612E3EB3C = {isa = PBXFileReference; lastKnownFileType = sourcecode.swift; path = "TraceGlass/Models/TraceProject.swift"; sourceTree = SOURCE_ROOT;};
CCB256B5C230A98589CFADD6 = {isa = PBXBuildFile; fileRef = 9549EE46038732F1D916C50C;};
CDFCE3E1C980728AB0BF0693 = {isa = PBXBuildFile; fileRef = 22F5A90E4AB3A58EFBF14AB5;};
D454900FAC9F71FB470BFE96 = {isa = PBXBuildFile; fileRef = 2BE0521EE2C1C8853AFC9232;};
D6530E1D2FE6D47E3DAC9DE3 = {isa = XCBuildConfiguration; buildSettings = {PRODUCT_NAME = "$(TARGET_NAME)"; PRODUCT_BUNDLE_IDENTIFIER = "app.traceglass.ios.uitests"; TARGETED_DEVICE_FAMILY = "1"; GENERATE_INFOPLIST_FILE = "YES"; CODE_SIGN_STYLE = "Automatic"; DEVELOPMENT_TEAM = ""; SWIFT_EMIT_LOC_STRINGS = "YES"; MARKETING_VERSION = "1.0.0"; CURRENT_PROJECT_VERSION = "1"; SUPPORTED_PLATFORMS = "iphoneos iphonesimulator"; TEST_TARGET_NAME = "TraceGlass";}; name = Debug;};
D6FD6FE21F0C690DBFBB16EE = {isa = PBXBuildFile; fileRef = 7F839CB113C722600189870E;};
DC2B4BBB087ABB7C6282630E = {isa = PBXTargetDependency; target = 874E7FD7A39CF1D6319F589D; targetProxy = 03DEA99FE57A28A3F1B8F16B;};
E16726930A481BA107AE7428 = {isa = PBXFileReference; lastKnownFileType = sourcecode.swift; path = "TraceGlass/App/TraceGlassApp.swift"; sourceTree = SOURCE_ROOT;};
E27865C3E6BAFF549C24177E = {isa = PBXFrameworksBuildPhase; buildActionMask = 2147483647; files = (); runOnlyForDeploymentPostprocessing = 0;};
E5B35A7E5144FF2B9B2763CD = {isa = XCBuildConfiguration; buildSettings = {ALWAYS_SEARCH_USER_PATHS = "NO"; CLANG_ENABLE_MODULES = "YES"; CLANG_ENABLE_OBJC_ARC = "YES"; IPHONEOS_DEPLOYMENT_TARGET = "17.0"; SDKROOT = "iphoneos"; SWIFT_VERSION = "5.0"; SWIFT_STRICT_CONCURRENCY = "targeted"; ENABLE_USER_SCRIPT_SANDBOXING = "YES"; GCC_C_LANGUAGE_STANDARD = "gnu17"; CLANG_CXX_LANGUAGE_STANDARD = "gnu++20"; SWIFT_OPTIMIZATION_LEVEL = "-O"; DEBUG_INFORMATION_FORMAT = "dwarf-with-dsym"; ENABLE_TESTABILITY = "NO"; SWIFT_ACTIVE_COMPILATION_CONDITIONS = ""; GCC_PREPROCESSOR_DEFINITIONS = "$(inherited)"; ONLY_ACTIVE_ARCH = "NO";}; name = Release;};
F035B8DB8ABAC0B522AA261C = {isa = PBXNativeTarget; buildConfigurationList = 558BF84F24778F3A2BC03138; buildPhases = (2EF6E88226218F51AA315485, 84605B9E5206A2B765292008, 22FD194C1323BA1D48D48B6D,); buildRules = (); dependencies = (8311ED713D1879C5DA079EA5); name = TraceGlassUITests; productName = TraceGlassUITests; productReference = 513DE63E73EB8230187F293F; productType = "com.apple.product-type.bundle.ui-testing";};
FA19AAF4390B97BB18FBF9B6 = {isa = PBXResourcesBuildPhase; buildActionMask = 2147483647; files = (); runOnlyForDeploymentPostprocessing = 0;};
FBDC4F23F93125BBEEAE800C = {isa = PBXGroup; children = (36992FD9EFCC35941EC8F506, 1BDCCF10062BC847C2914E5C, 513DE63E73EB8230187F293F,); name = Products; sourceTree = "<group>";};
FC0D47FDA55E4E280EBDE903 = {isa = PBXResourcesBuildPhase; buildActionMask = 2147483647; files = (3982C80EC55008FF8B305FBB, FF2025BFE2869384D2514601); runOnlyForDeploymentPostprocessing = 0;};
FCE43BE77BD869C904BAFA6B = {isa = XCBuildConfiguration; buildSettings = {PRODUCT_NAME = "$(TARGET_NAME)"; PRODUCT_BUNDLE_IDENTIFIER = "app.traceglass.ios"; TARGETED_DEVICE_FAMILY = "1"; GENERATE_INFOPLIST_FILE = "NO"; CODE_SIGN_STYLE = "Automatic"; DEVELOPMENT_TEAM = ""; SWIFT_EMIT_LOC_STRINGS = "YES"; MARKETING_VERSION = "1.0.0"; CURRENT_PROJECT_VERSION = "1"; SUPPORTED_PLATFORMS = "iphoneos iphonesimulator"; INFOPLIST_FILE = "TraceGlass/Resources/Info.plist"; ASSETCATALOG_COMPILER_APPICON_NAME = "AppIcon"; ASSETCATALOG_COMPILER_GLOBAL_ACCENT_COLOR_NAME = "AccentColor"; LD_RUNPATH_SEARCH_PATHS = "$(inherited) @executable_path/Frameworks"; ENABLE_PREVIEWS = "YES";}; name = Debug;};
FD17390AC7D35A8B6C1B5B3C = {isa = PBXFileReference; lastKnownFileType = sourcecode.swift; path = "TraceGlass/Views/EditorView.swift"; sourceTree = SOURCE_ROOT;};
FDE3E26AEE7B603D4A6625A0 = {isa = PBXFileReference; lastKnownFileType = sourcecode.metal; path = "TraceGlass/Shaders/TraceParticles.metal"; sourceTree = SOURCE_ROOT;};
FE02D963073DD66DF2E4CB58 = {isa = PBXFileReference; lastKnownFileType = sourcecode.swift; path = "TraceGlass/Views/ToolInspector.swift"; sourceTree = SOURCE_ROOT;};
FF2025BFE2869384D2514601 = {isa = PBXBuildFile; fileRef = 05FAC94380A70241F23780E7;};
}; rootObject = 98F54143AB4E86B28C3AFEE0; }
